
Microsoft Visual Studio Solution File, Format Version 11.00
# Visual Studio 2010
Project("{FAE04EC0-301F-11D3-BF4B-00C04F79EFBC}") = "RRI", "Assembly-CSharp-firstpass.csproj", "{4E3A4B72-01C3-F95C-92C4-4B0D74A29FEF}"
EndProject
Project("{FAE04EC0-301F-11D3-BF4B-00C04F79EFBC}") = "RRI", "Assembly-CSharp.csproj", "{5880C800-844E-F0D2-BB63-E63EEF3C710D}"
EndProject
Project("{FAE04EC0-301F-11D3-BF4B-00C04F79EFBC}") = "RRI", "Assembly-CSharp-Editor.csproj", "{C743E51A-073F-4C9F-4551-7DA190A30EBA}"
EndProject
Global
	GlobalSection(SolutionConfigurationPlatforms) = preSolution
		Debug|Any CPU = Debug|Any CPU
		Release|Any CPU = Release|Any CPU
	EndGlobalSection
	GlobalSection(ProjectConfigurationPlatforms) = postSolution
		{4E3A4B72-01C3-F95C-92C4-4B0D74A29FEF}.Debug|Any CPU.ActiveCfg = Debug|Any CPU
		{4E3A4B72-01C3-F95C-92C4-4B0D74A29FEF}.Debug|Any CPU.Build.0 = Debug|Any CPU
		{4E3A4B72-01C3-F95C-92C4-4B0D74A29FEF}.Release|Any CPU.ActiveCfg = Release|Any CPU
		{4E3A4B72-01C3-F95C-92C4-4B0D74A29FEF}.Release|Any CPU.Build.0 = Release|Any CPU
		{5880C800-844E-F0D2-BB63-E63EEF3C710D}.Debug|Any CPU.ActiveCfg = Debug|Any CPU
		{5880C800-844E-F0D2-BB63-E63EEF3C710D}.Debug|Any CPU.Build.0 = Debug|Any CPU
		{5880C800-844E-F0D2-BB63-E63EEF3C710D}.Release|Any CPU.ActiveCfg = Release|Any CPU
		{5880C800-844E-F0D2-BB63-E63EEF3C710D}.Release|Any CPU.Build.0 = Release|Any CPU
		{C743E51A-073F-4C9F-4551-7DA190A30EBA}.Debug|Any CPU.ActiveCfg = Debug|Any CPU
		{C743E51A-073F-4C9F-4551-7DA190A30EBA}.Debug|Any CPU.Build.0 = Debug|Any CPU
		{C743E51A-073F-4C9F-4551-7DA190A30EBA}.Release|Any CPU.ActiveCfg = Release|Any CPU
		{C743E51A-073F-4C9F-4551-7DA190A30EBA}.Release|Any CPU.Build.0 = Release|Any CPU
	EndGlobalSection
	GlobalSection(SolutionProperties) = preSolution
		HideSolutionNode = FALSE
	EndGlobalSection
	GlobalSection(MonoDevelopProperties) = preSolution
		StartupItem = Assembly-CSharp.csproj
	EndGlobalSection
EndGlobal
